
Microsoft Visual Studio Solution File, Format Version 12.00
# Visual Studio Version 16
VisualStudioVersion = 16.0.28803.202
MinimumVisualStudioVersion = 10.0.40219.1
Project("{FAE04EC0-301F-11D3-BF4B-00C04F79EFBC}") = "McDonaldsAlsu", "McDonalds\McDonaldsAlsu.csproj", "{BAAA7891-ECC7-4424-A28E-9F7042B0DE15}"
EndProject
Global
	GlobalSection(SolutionConfigurationPlatforms) = preSolution
		Debug|Any CPU = Debug|Any CPU
		Release|Any CPU = Release|Any CPU
	EndGlobalSection
	GlobalSection(ProjectConfigurationPlatforms) = postSolution
		{BAAA7891-ECC7-4424-A28E-9F7042B0DE15}.Debug|Any CPU.ActiveCfg = Debug|Any CPU
		{BAAA7891-ECC7-4424-A28E-9F7042B0DE15}.Debug|Any CPU.Build.0 = Debug|Any CPU
		{BAAA7891-ECC7-4424-A28E-9F7042B0DE15}.Release|Any CPU.ActiveCfg = Release|Any CPU
		{BAAA7891-ECC7-4424-A28E-9F7042B0DE15}.Release|Any CPU.Build.0 = Release|Any CPU
	EndGlobalSection
	GlobalSection(SolutionProperties) = preSolution
		HideSolutionNode = FALSE
	EndGlobalSection
	GlobalSection(ExtensibilityGlobals) = postSolution
		SolutionGuid = {7DBB1845-2109-4F94-AF6C-6ECC8CE5ECA6}
	EndGlobalSection
EndGlobal
